// !$*UTF8*$!
{
	archiveVersion = 1;
	classes = {
	};
	objectVersion = 54;
	objects = {

/* Begin PBXBuildFile section */
		00E356F31AD99517003FC87E /* BoutiqueTests.m in Sources */ = {isa = PBXBuildFile; fileRef = 00E356F21AD99517003FC87E /* BoutiqueTests.m */; };
		0C80B921A6F3F58F76C31292 /* libPods-Boutique.a in Frameworks */ = {isa = PBXBuildFile; fileRef = 5DCACB8F33CDC322A6C60F78 /* libPods-Boutique.a */; };
		13B07FBC1A68108700A75B9A /* AppDelegate.mm in Sources */ = {isa = PBXBuildFile; fileRef = 13B07FB01A68108700A75B9A /* AppDelegate.mm */; };
		13B07FBF1A68108700A75B9A /* Images.xcassets in Resources */ = {isa = PBXBuildFile; fileRef = 13B07FB51A68108700A75B9A /* Images.xcassets */; };
		13B07FC11A68108700A75B9A /* main.m in Sources */ = {isa = PBXBuildFile; fileRef = 13B07FB71A68108700A75B9A /* main.m */; };
		7699B88040F8A987B510C191 /* libPods-Boutique-BoutiqueTests.a in Frameworks */ = {isa = PBXBuildFile; fileRef = 19F6CBCC0A4E27FBF8BF4A61 /* libPods-Boutique-BoutiqueTests.a */; };
		81AB9BB82411601600AC10FF /* LaunchScreen.storyboard in Resources */ = {isa = PBXBuildFile; fileRef = 81AB9BB72411601600AC10FF /* LaunchScreen.storyboard */; };
		3732ACBEA32F43BB8AE478FD /* AzarMehr-Black.ttf in Resources */ = {isa = PBXBuildFile; fileRef = 95CB664E0E2A480A8CAABA55 /* AzarMehr-Black.ttf */; };
		5054F1EF582247E584079A72 /* AzarMehr-Bold.ttf in Resources */ = {isa = PBXBuildFile; fileRef = 5492074174654748805C6DE0 /* AzarMehr-Bold.ttf */; };
		01393FFCFD0145888FF45C19 /* AzarMehr-ExtraBold.ttf in Resources */ = {isa = PBXBuildFile; fileRef = 6938DB993DB04724A8EC3FE6 /* AzarMehr-ExtraBold.ttf */; };
		1FABFC17EFC04B3582202723 /* AzarMehr-ExtraLight.ttf in Resources */ = {isa = PBXBuildFile; fileRef = CB7C9851211A43908E28E656 /* AzarMehr-ExtraLight.ttf */; };
		9614AE01BC384984AF2AFD78 /* AzarMehr-Light.ttf in Resources */ = {isa = PBXBuildFile; fileRef = 0B2884DF9FED4F78BBF04D40 /* AzarMehr-Light.ttf */; };
		5CB6510F2DF94110BFC7309C /* AzarMehr-Medium.ttf in Resources */ = {isa = PBXBuildFile; fileRef = AA84A95E5082456BACDB36C7 /* AzarMehr-Medium.ttf */; };
		D977DDE129DB4FC9B1893F12 /* AzarMehr-Mono-Bold.ttf in Resources */ = {isa = PBXBuildFile; fileRef = D0305543E22F42609582359C /* AzarMehr-Mono-Bold.ttf */; };
		073CF2AF8D264D228CEEBAA0 /* AzarMehr-Mono-Regular.ttf in Resources */ = {isa = PBXBuildFile; fileRef = C92467C407804B62AAA34EA5 /* AzarMehr-Mono-Regular.ttf */; };
		C9E0A37186974F83A9B68F5A /* AzarMehr-Regular.ttf in Resources */ = {isa = PBXBuildFile; fileRef = E5B2EC26BB244FB4BCE660BC /* AzarMehr-Regular.ttf */; };
		2FF5027EA9274C948185B3C7 /* AzarMehr-SemiBold.ttf in Resources */ = {isa = PBXBuildFile; fileRef = 6367EBA0BE634F8FADB9B487 /* AzarMehr-SemiBold.ttf */; };
		6A6AED1968C54DEDB5DB6D8F /* AzarMehr-Thin.ttf in Resources */ = {isa = PBXBuildFile; fileRef = C4193C6966704230BC469EC3 /* AzarMehr-Thin.ttf */; };
		D54CABAE1A024CBE98DE91C4 /* AzarMehr-Black.ttf in Resources */ = {isa = PBXBuildFile; fileRef = 2C59BB29FCE2420CAE667D33 /* AzarMehr-Black.ttf */; };
		8909D74AA5F74469B07D6B80 /* AzarMehr-Bold.ttf in Resources */ = {isa = PBXBuildFile; fileRef = 05E7F840E3FD47059A83E8C8 /* AzarMehr-Bold.ttf */; };
		E6D35345AF494A6B87611AE4 /* AzarMehr-ExtraBold.ttf in Resources */ = {isa = PBXBuildFile; fileRef = 36B949A9BD16422BA5385884 /* AzarMehr-ExtraBold.ttf */; };
		3DE17D8755F645D68ACB24FA /* AzarMehr-ExtraLight.ttf in Resources */ = {isa = PBXBuildFile; fileRef = 46A5403BB4C24975BA143C9A /* AzarMehr-ExtraLight.ttf */; };
		9206B7818BEA4BB4BA3F53FF /* AzarMehr-Light.ttf in Resources */ = {isa = PBXBuildFile; fileRef = 60807113A62941F09F0165CF /* AzarMehr-Light.ttf */; };
		CFD652582F6B4C2C8DC64F76 /* AzarMehr-Medium.ttf in Resources */ = {isa = PBXBuildFile; fileRef = 5261D3003648421BBF5B10D2 /* AzarMehr-Medium.ttf */; };
		8B5FEF52A8C44D4C97CF442A /* AzarMehr-Mono-Bold.ttf in Resources */ = {isa = PBXBuildFile; fileRef = D7ACE0CAE4AE445AAB864ACD /* AzarMehr-Mono-Bold.ttf */; };
		D054218FE305450C9D5D1DEA /* AzarMehr-Mono-Regular.ttf in Resources */ = {isa = PBXBuildFile; fileRef = 50C1B9DE9CA448C1A3EA5431 /* AzarMehr-Mono-Regular.ttf */; };
		AF039B50E08245BD8362335D /* AzarMehr-Regular.ttf in Resources */ = {isa = PBXBuildFile; fileRef = 652E0DAB573E4D28855027F0 /* AzarMehr-Regular.ttf */; };
		16603839F477482595016240 /* AzarMehr-SemiBold.ttf in Resources */ = {isa = PBXBuildFile; fileRef = 3F19FAF1BD8E4D1CA3E6AC05 /* AzarMehr-SemiBold.ttf */; };
		95D7028E180E418DB495666F /* AzarMehr-Thin.ttf in Resources */ = {isa = PBXBuildFile; fileRef = D6DD278CD86E45ED8FE1987E /* AzarMehr-Thin.ttf */; };
		BD0CF17D2AEC43A29B698D32 /* AzarMehr-Black.ttf in Resources */ = {isa = PBXBuildFile; fileRef = 07AC81C0ED2E4A3994D75C88 /* AzarMehr-Black.ttf */; };
		472F3D3E06214EC28E92BC2D /* AzarMehr-Bold.ttf in Resources */ = {isa = PBXBuildFile; fileRef = 82AC990FDF4D49B280D08E82 /* AzarMehr-Bold.ttf */; };
		5322669335E04AF29243EE82 /* AzarMehr-ExtraBold.ttf in Resources */ = {isa = PBXBuildFile; fileRef = 996842D4B8A9403ABC15E3DD /* AzarMehr-ExtraBold.ttf */; };
		29F924A0187C4223A899FC64 /* AzarMehr-ExtraLight.ttf in Resources */ = {isa = PBXBuildFile; fileRef = 518C87737587464A90634500 /* AzarMehr-ExtraLight.ttf */; };
		2B33B781AA9B423E8F04563A /* AzarMehr-Light.ttf in Resources */ = {isa = PBXBuildFile; fileRef = E76DBA16BA0E4CE783EC28B8 /* AzarMehr-Light.ttf */; };
		A166B9D00A47464894F9AE7A /* AzarMehr-Medium.ttf in Resources */ = {isa = PBXBuildFile; fileRef = AFACFC211EAC4737BF273214 /* AzarMehr-Medium.ttf */; };
		98077FE5A65C48D59551C1E9 /* AzarMehr-Mono-Bold.ttf in Resources */ = {isa = PBXBuildFile; fileRef = 0D1F9A3B7C26494799EF1B52 /* AzarMehr-Mono-Bold.ttf */; };
		E1E12BE8F6444C6292B6675D /* AzarMehr-Mono-Regular.ttf in Resources */ = {isa = PBXBuildFile; fileRef = C7F240D723C44D1FA9BC457A /* AzarMehr-Mono-Regular.ttf */; };
		2249E93EA05D411FA98598A5 /* AzarMehr-Regular.ttf in Resources */ = {isa = PBXBuildFile; fileRef = E7A04ED082B24923BF2EFF47 /* AzarMehr-Regular.ttf */; };
		4473656CED3B40AAAA592E48 /* AzarMehr-SemiBold.ttf in Resources */ = {isa = PBXBuildFile; fileRef = A4D7F626A9C44A9AA03F8A44 /* AzarMehr-SemiBold.ttf */; };
		EA8CB38BD08443D1B82FEF3A /* AzarMehr-Thin.ttf in Resources */ = {isa = PBXBuildFile; fileRef = 06F5CBD4C81F4023AC197855 /* AzarMehr-Thin.ttf */; };
		AFF7317EFBC741BFAEB9114A /* AzarMehr-Black.ttf in Resources */ = {isa = PBXBuildFile; fileRef = A3C5A30F0F284133AB4C0337 /* AzarMehr-Black.ttf */; };
		CE400E42A81B42A0A194FB66 /* AzarMehr-Bold.ttf in Resources */ = {isa = PBXBuildFile; fileRef = 64EFB564F819479C8AE2F8F8 /* AzarMehr-Bold.ttf */; };
		21E8FFD523B64DE19B34F316 /* AzarMehr-ExtraBold.ttf in Resources */ = {isa = PBXBuildFile; fileRef = BEF147E7A3EE481A9FC07EB0 /* AzarMehr-ExtraBold.ttf */; };
		2ECA657D026E4EF98FD88ABA /* AzarMehr-ExtraLight.ttf in Resources */ = {isa = PBXBuildFile; fileRef = 0369173F340E42E5B404B0EB /* AzarMehr-ExtraLight.ttf */; };
		F76756C046414FD3884765F8 /* AzarMehr-Light.ttf in Resources */ = {isa = PBXBuildFile; fileRef = BA0D5BC59DEE40B7AB2D7C7B /* AzarMehr-Light.ttf */; };
		12AC14AF2BDB41EF987B05D4 /* AzarMehr-Medium.ttf in Resources */ = {isa = PBXBuildFile; fileRef = 201D8EEB5B52442486C345B1 /* AzarMehr-Medium.ttf */; };
		6F0EE8DCC02741BC9A3171A1 /* AzarMehr-Mono-Bold.ttf in Resources */ = {isa = PBXBuildFile; fileRef = CB48B9013C0D4B91833B1B4E /* AzarMehr-Mono-Bold.ttf */; };
		3D70FB760C2846C282C44D8A /* AzarMehr-Mono-Regular.ttf in Resources */ = {isa = PBXBuildFile; fileRef = 107AC82F9FB64BD38F23FCE4 /* AzarMehr-Mono-Regular.ttf */; };
		DE62297EA2B64B5CBFCE6CD0 /* AzarMehr-Regular.ttf in Resources */ = {isa = PBXBuildFile; fileRef = 127DC2898D604C62B0052C5D /* AzarMehr-Regular.ttf */; };
		A52F84D692B741B5A70B074D /* AzarMehr-SemiBold.ttf in Resources */ = {isa = PBXBuildFile; fileRef = 98299615D4574899BCEF44C4 /* AzarMehr-SemiBold.ttf */; };
		5FEEA0004D914D6BA4B4C4D9 /* AzarMehr-Thin.ttf in Resources */ = {isa = PBXBuildFile; fileRef = 18439A6C57CB478890FB2579 /* AzarMehr-Thin.ttf */; };
/* End PBXBuildFile section */

/* Begin PBXContainerItemProxy section */
		00E356F41AD99517003FC87E /* PBXContainerItemProxy */ = {
			isa = PBXContainerItemProxy;
			containerPortal = 83CBB9F71A601CBA00E9B192 /* Project object */;
			proxyType = 1;
			remoteGlobalIDString = 13B07F861A680F5B00A75B9A;
			remoteInfo = Boutique;
		};
/* End PBXContainerItemProxy section */

/* Begin PBXFileReference section */
		00E356EE1AD99517003FC87E /* BoutiqueTests.xctest */ = {isa = PBXFileReference; explicitFileType = wrapper.cfbundle; includeInIndex = 0; path = BoutiqueTests.xctest; sourceTree = BUILT_PRODUCTS_DIR; };
		00E356F11AD99517003FC87E /* Info.plist */ = {isa = PBXFileReference; lastKnownFileType = text.plist.xml; path = Info.plist; sourceTree = "<group>"; };
		00E356F21AD99517003FC87E /* BoutiqueTests.m */ = {isa = PBXFileReference; lastKnownFileType = sourcecode.c.objc; path = BoutiqueTests.m; sourceTree = "<group>"; };
		13B07F961A680F5B00A75B9A /* Boutique.app */ = {isa = PBXFileReference; explicitFileType = wrapper.application; includeInIndex = 0; path = Boutique.app; sourceTree = BUILT_PRODUCTS_DIR; };
		13B07FAF1A68108700A75B9A /* AppDelegate.h */ = {isa = PBXFileReference; fileEncoding = 4; lastKnownFileType = sourcecode.c.h; name = AppDelegate.h; path = Boutique/AppDelegate.h; sourceTree = "<group>"; };
		13B07FB01A68108700A75B9A /* AppDelegate.mm */ = {isa = PBXFileReference; fileEncoding = 4; lastKnownFileType = sourcecode.cpp.objcpp; name = AppDelegate.mm; path = Boutique/AppDelegate.mm; sourceTree = "<group>"; };
		13B07FB51A68108700A75B9A /* Images.xcassets */ = {isa = PBXFileReference; lastKnownFileType = folder.assetcatalog; name = Images.xcassets; path = Boutique/Images.xcassets; sourceTree = "<group>"; };
		13B07FB61A68108700A75B9A /* Info.plist */ = {isa = PBXFileReference; fileEncoding = 4; lastKnownFileType = text.plist.xml; name = Info.plist; path = Boutique/Info.plist; sourceTree = "<group>"; };
		13B07FB71A68108700A75B9A /* main.m */ = {isa = PBXFileReference; fileEncoding = 4; lastKnownFileType = sourcecode.c.objc; name = main.m; path = Boutique/main.m; sourceTree = "<group>"; };
		19F6CBCC0A4E27FBF8BF4A61 /* libPods-Boutique-BoutiqueTests.a */ = {isa = PBXFileReference; explicitFileType = archive.ar; includeInIndex = 0; path = "libPods-Boutique-BoutiqueTests.a"; sourceTree = BUILT_PRODUCTS_DIR; };
		3B4392A12AC88292D35C810B /* Pods-Boutique.debug.xcconfig */ = {isa = PBXFileReference; includeInIndex = 1; lastKnownFileType = text.xcconfig; name = "Pods-Boutique.debug.xcconfig"; path = "Target Support Files/Pods-Boutique/Pods-Boutique.debug.xcconfig"; sourceTree = "<group>"; };
		5709B34CF0A7D63546082F79 /* Pods-Boutique.release.xcconfig */ = {isa = PBXFileReference; includeInIndex = 1; lastKnownFileType = text.xcconfig; name = "Pods-Boutique.release.xcconfig"; path = "Target Support Files/Pods-Boutique/Pods-Boutique.release.xcconfig"; sourceTree = "<group>"; };
		5B7EB9410499542E8C5724F5 /* Pods-Boutique-BoutiqueTests.debug.xcconfig */ = {isa = PBXFileReference; includeInIndex = 1; lastKnownFileType = text.xcconfig; name = "Pods-Boutique-BoutiqueTests.debug.xcconfig"; path = "Target Support Files/Pods-Boutique-BoutiqueTests/Pods-Boutique-BoutiqueTests.debug.xcconfig"; sourceTree = "<group>"; };
		5DCACB8F33CDC322A6C60F78 /* libPods-Boutique.a */ = {isa = PBXFileReference; explicitFileType = archive.ar; includeInIndex = 0; path = "libPods-Boutique.a"; sourceTree = BUILT_PRODUCTS_DIR; };
		81AB9BB72411601600AC10FF /* LaunchScreen.storyboard */ = {isa = PBXFileReference; fileEncoding = 4; lastKnownFileType = file.storyboard; name = LaunchScreen.storyboard; path = Boutique/LaunchScreen.storyboard; sourceTree = "<group>"; };
		89C6BE57DB24E9ADA2F236DE /* Pods-Boutique-BoutiqueTests.release.xcconfig */ = {isa = PBXFileReference; includeInIndex = 1; lastKnownFileType = text.xcconfig; name = "Pods-Boutique-BoutiqueTests.release.xcconfig"; path = "Target Support Files/Pods-Boutique-BoutiqueTests/Pods-Boutique-BoutiqueTests.release.xcconfig"; sourceTree = "<group>"; };
		ED297162215061F000B7C4FE /* JavaScriptCore.framework */ = {isa = PBXFileReference; lastKnownFileType = wrapper.framework; name = JavaScriptCore.framework; path = System/Library/Frameworks/JavaScriptCore.framework; sourceTree = SDKROOT; };
		95CB664E0E2A480A8CAABA55 /* AzarMehr-Black.ttf */ = {isa = PBXFileReference; name = "AzarMehr-Black.ttf"; path = "../src/Resources/Fonts/AzarMehr-Black.ttf"; sourceTree = "<group>"; fileEncoding = undefined; lastKnownFileType = unknown; explicitFileType = undefined; includeInIndex = 0; };
		5492074174654748805C6DE0 /* AzarMehr-Bold.ttf */ = {isa = PBXFileReference; name = "AzarMehr-Bold.ttf"; path = "../src/Resources/Fonts/AzarMehr-Bold.ttf"; sourceTree = "<group>"; fileEncoding = undefined; lastKnownFileType = unknown; explicitFileType = undefined; includeInIndex = 0; };
		6938DB993DB04724A8EC3FE6 /* AzarMehr-ExtraBold.ttf */ = {isa = PBXFileReference; name = "AzarMehr-ExtraBold.ttf"; path = "../src/Resources/Fonts/AzarMehr-ExtraBold.ttf"; sourceTree = "<group>"; fileEncoding = undefined; lastKnownFileType = unknown; explicitFileType = undefined; includeInIndex = 0; };
		CB7C9851211A43908E28E656 /* AzarMehr-ExtraLight.ttf */ = {isa = PBXFileReference; name = "AzarMehr-ExtraLight.ttf"; path = "../src/Resources/Fonts/AzarMehr-ExtraLight.ttf"; sourceTree = "<group>"; fileEncoding = undefined; lastKnownFileType = unknown; explicitFileType = undefined; includeInIndex = 0; };
		0B2884DF9FED4F78BBF04D40 /* AzarMehr-Light.ttf */ = {isa = PBXFileReference; name = "AzarMehr-Light.ttf"; path = "../src/Resources/Fonts/AzarMehr-Light.ttf"; sourceTree = "<group>"; fileEncoding = undefined; lastKnownFileType = unknown; explicitFileType = undefined; includeInIndex = 0; };
		AA84A95E5082456BACDB36C7 /* AzarMehr-Medium.ttf */ = {isa = PBXFileReference; name = "AzarMehr-Medium.ttf"; path = "../src/Resources/Fonts/AzarMehr-Medium.ttf"; sourceTree = "<group>"; fileEncoding = undefined; lastKnownFileType = unknown; explicitFileType = undefined; includeInIndex = 0; };
		D0305543E22F42609582359C /* AzarMehr-Mono-Bold.ttf */ = {isa = PBXFileReference; name = "AzarMehr-Mono-Bold.ttf"; path = "../src/Resources/Fonts/AzarMehr-Mono-Bold.ttf"; sourceTree = "<group>"; fileEncoding = undefined; lastKnownFileType = unknown; explicitFileType = undefined; includeInIndex = 0; };
		C92467C407804B62AAA34EA5 /* AzarMehr-Mono-Regular.ttf */ = {isa = PBXFileReference; name = "AzarMehr-Mono-Regular.ttf"; path = "../src/Resources/Fonts/AzarMehr-Mono-Regular.ttf"; sourceTree = "<group>"; fileEncoding = undefined; lastKnownFileType = unknown; explicitFileType = undefined; includeInIndex = 0; };
		E5B2EC26BB244FB4BCE660BC /* AzarMehr-Regular.ttf */ = {isa = PBXFileReference; name = "AzarMehr-Regular.ttf"; path = "../src/Resources/Fonts/AzarMehr-Regular.ttf"; sourceTree = "<group>"; fileEncoding = undefined; lastKnownFileType = unknown; explicitFileType = undefined; includeInIndex = 0; };
		6367EBA0BE634F8FADB9B487 /* AzarMehr-SemiBold.ttf */ = {isa = PBXFileReference; name = "AzarMehr-SemiBold.ttf"; path = "../src/Resources/Fonts/AzarMehr-SemiBold.ttf"; sourceTree = "<group>"; fileEncoding = undefined; lastKnownFileType = unknown; explicitFileType = undefined; includeInIndex = 0; };
		C4193C6966704230BC469EC3 /* AzarMehr-Thin.ttf */ = {isa = PBXFileReference; name = "AzarMehr-Thin.ttf"; path = "../src/Resources/Fonts/AzarMehr-Thin.ttf"; sourceTree = "<group>"; fileEncoding = undefined; lastKnownFileType = unknown; explicitFileType = undefined; includeInIndex = 0; };
		2C59BB29FCE2420CAE667D33 /* AzarMehr-Black.ttf */ = {isa = PBXFileReference; name = "AzarMehr-Black.ttf"; path = "../src/Resources/fonts/AzarMehr-Black.ttf"; sourceTree = "<group>"; fileEncoding = undefined; lastKnownFileType = unknown; explicitFileType = undefined; includeInIndex = 0; };
		05E7F840E3FD47059A83E8C8 /* AzarMehr-Bold.ttf */ = {isa = PBXFileReference; name = "AzarMehr-Bold.ttf"; path = "../src/Resources/fonts/AzarMehr-Bold.ttf"; sourceTree = "<group>"; fileEncoding = undefined; lastKnownFileType = unknown; explicitFileType = undefined; includeInIndex = 0; };
		36B949A9BD16422BA5385884 /* AzarMehr-ExtraBold.ttf */ = {isa = PBXFileReference; name = "AzarMehr-ExtraBold.ttf"; path = "../src/Resources/fonts/AzarMehr-ExtraBold.ttf"; sourceTree = "<group>"; fileEncoding = undefined; lastKnownFileType = unknown; explicitFileType = undefined; includeInIndex = 0; };
		46A5403BB4C24975BA143C9A /* AzarMehr-ExtraLight.ttf */ = {isa = PBXFileReference; name = "AzarMehr-ExtraLight.ttf"; path = "../src/Resources/fonts/AzarMehr-ExtraLight.ttf"; sourceTree = "<group>"; fileEncoding = undefined; lastKnownFileType = unknown; explicitFileType = undefined; includeInIndex = 0; };
		60807113A62941F09F0165CF /* AzarMehr-Light.ttf */ = {isa = PBXFileReference; name = "AzarMehr-Light.ttf"; path = "../src/Resources/fonts/AzarMehr-Light.ttf"; sourceTree = "<group>"; fileEncoding = undefined; lastKnownFileType = unknown; explicitFileType = undefined; includeInIndex = 0; };
		5261D3003648421BBF5B10D2 /* AzarMehr-Medium.ttf */ = {isa = PBXFileReference; name = "AzarMehr-Medium.ttf"; path = "../src/Resources/fonts/AzarMehr-Medium.ttf"; sourceTree = "<group>"; fileEncoding = undefined; lastKnownFileType = unknown; explicitFileType = undefined; includeInIndex = 0; };
		D7ACE0CAE4AE445AAB864ACD /* AzarMehr-Mono-Bold.ttf */ = {isa = PBXFileReference; name = "AzarMehr-Mono-Bold.ttf"; path = "../src/Resources/fonts/AzarMehr-Mono-Bold.ttf"; sourceTree = "<group>"; fileEncoding = undefined; lastKnownFileType = unknown; explicitFileType = undefined; includeInIndex = 0; };
		50C1B9DE9CA448C1A3EA5431 /* AzarMehr-Mono-Regular.ttf */ = {isa = PBXFileReference; name = "AzarMehr-Mono-Regular.ttf"; path = "../src/Resources/fonts/AzarMehr-Mono-Regular.ttf"; sourceTree = "<group>"; fileEncoding = undefined; lastKnownFileType = unknown; explicitFileType = undefined; includeInIndex = 0; };
		652E0DAB573E4D28855027F0 /* AzarMehr-Regular.ttf */ = {isa = PBXFileReference; name = "AzarMehr-Regular.ttf"; path = "../src/Resources/fonts/AzarMehr-Regular.ttf"; sourceTree = "<group>"; fileEncoding = undefined; lastKnownFileType = unknown; explicitFileType = undefined; includeInIndex = 0; };
		3F19FAF1BD8E4D1CA3E6AC05 /* AzarMehr-SemiBold.ttf */ = {isa = PBXFileReference; name = "AzarMehr-SemiBold.ttf"; path = "../src/Resources/fonts/AzarMehr-SemiBold.ttf"; sourceTree = "<group>"; fileEncoding = undefined; lastKnownFileType = unknown; explicitFileType = undefined; includeInIndex = 0; };
		D6DD278CD86E45ED8FE1987E /* AzarMehr-Thin.ttf */ = {isa = PBXFileReference; name = "AzarMehr-Thin.ttf"; path = "../src/Resources/fonts/AzarMehr-Thin.ttf"; sourceTree = "<group>"; fileEncoding = undefined; lastKnownFileType = unknown; explicitFileType = undefined; includeInIndex = 0; };
		07AC81C0ED2E4A3994D75C88 /* AzarMehr-Black.ttf */ = {isa = PBXFileReference; name = "AzarMehr-Black.ttf"; path = "../src/assets/fonts/AzarMehr-Black.ttf"; sourceTree = "<group>"; fileEncoding = undefined; lastKnownFileType = unknown; explicitFileType = undefined; includeInIndex = 0; };
		82AC990FDF4D49B280D08E82 /* AzarMehr-Bold.ttf */ = {isa = PBXFileReference; name = "AzarMehr-Bold.ttf"; path = "../src/assets/fonts/AzarMehr-Bold.ttf"; sourceTree = "<group>"; fileEncoding = undefined; lastKnownFileType = unknown; explicitFileType = undefined; includeInIndex = 0; };
		996842D4B8A9403ABC15E3DD /* AzarMehr-ExtraBold.ttf */ = {isa = PBXFileReference; name = "AzarMehr-ExtraBold.ttf"; path = "../src/assets/fonts/AzarMehr-ExtraBold.ttf"; sourceTree = "<group>"; fileEncoding = undefined; lastKnownFileType = unknown; explicitFileType = undefined; includeInIndex = 0; };
		518C87737587464A90634500 /* AzarMehr-ExtraLight.ttf */ = {isa = PBXFileReference; name = "AzarMehr-ExtraLight.ttf"; path = "../src/assets/fonts/AzarMehr-ExtraLight.ttf"; sourceTree = "<group>"; fileEncoding = undefined; lastKnownFileType = unknown; explicitFileType = undefined; includeInIndex = 0; };
		E76DBA16BA0E4CE783EC28B8 /* AzarMehr-Light.ttf */ = {isa = PBXFileReference; name = "AzarMehr-Light.ttf"; path = "../src/assets/fonts/AzarMehr-Light.ttf"; sourceTree = "<group>"; fileEncoding = undefined; lastKnownFileType = unknown; explicitFileType = undefined; includeInIndex = 0; };
		AFACFC211EAC4737BF273214 /* AzarMehr-Medium.ttf */ = {isa = PBXFileReference; name = "AzarMehr-Medium.ttf"; path = "../src/assets/fonts/AzarMehr-Medium.ttf"; sourceTree = "<group>"; fileEncoding = undefined; lastKnownFileType = unknown; explicitFileType = undefined; includeInIndex = 0; };
		0D1F9A3B7C26494799EF1B52 /* AzarMehr-Mono-Bold.ttf */ = {isa = PBXFileReference; name = "AzarMehr-Mono-Bold.ttf"; path = "../src/assets/fonts/AzarMehr-Mono-Bold.ttf"; sourceTree = "<group>"; fileEncoding = undefined; lastKnownFileType = unknown; explicitFileType = undefined; includeInIndex = 0; };
		C7F240D723C44D1FA9BC457A /* AzarMehr-Mono-Regular.ttf */ = {isa = PBXFileReference; name = "AzarMehr-Mono-Regular.ttf"; path = "../src/assets/fonts/AzarMehr-Mono-Regular.ttf"; sourceTree = "<group>"; fileEncoding = undefined; lastKnownFileType = unknown; explicitFileType = undefined; includeInIndex = 0; };
		E7A04ED082B24923BF2EFF47 /* AzarMehr-Regular.ttf */ = {isa = PBXFileReference; name = "AzarMehr-Regular.ttf"; path = "../src/assets/fonts/AzarMehr-Regular.ttf"; sourceTree = "<group>"; fileEncoding = undefined; lastKnownFileType = unknown; explicitFileType = undefined; includeInIndex = 0; };
		A4D7F626A9C44A9AA03F8A44 /* AzarMehr-SemiBold.ttf */ = {isa = PBXFileReference; name = "AzarMehr-SemiBold.ttf"; path = "../src/assets/fonts/AzarMehr-SemiBold.ttf"; sourceTree = "<group>"; fileEncoding = undefined; lastKnownFileType = unknown; explicitFileType = undefined; includeInIndex = 0; };
		06F5CBD4C81F4023AC197855 /* AzarMehr-Thin.ttf */ = {isa = PBXFileReference; name = "AzarMehr-Thin.ttf"; path = "../src/assets/fonts/AzarMehr-Thin.ttf"; sourceTree = "<group>"; fileEncoding = undefined; lastKnownFileType = unknown; explicitFileType = undefined; includeInIndex = 0; };
		A3C5A30F0F284133AB4C0337 /* AzarMehr-Black.ttf */ = {isa = PBXFileReference; name = "AzarMehr-Black.ttf"; path = "../assets/fonts/AzarMehr-Black.ttf"; sourceTree = "<group>"; fileEncoding = undefined; lastKnownFileType = unknown; explicitFileType = undefined; includeInIndex = 0; };
		64EFB564F819479C8AE2F8F8 /* AzarMehr-Bold.ttf */ = {isa = PBXFileReference; name = "AzarMehr-Bold.ttf"; path = "../assets/fonts/AzarMehr-Bold.ttf"; sourceTree = "<group>"; fileEncoding = undefined; lastKnownFileType = unknown; explicitFileType = undefined; includeInIndex = 0; };
		BEF147E7A3EE481A9FC07EB0 /* AzarMehr-ExtraBold.ttf */ = {isa = PBXFileReference; name = "AzarMehr-ExtraBold.ttf"; path = "../assets/fonts/AzarMehr-ExtraBold.ttf"; sourceTree = "<group>"; fileEncoding = undefined; lastKnownFileType = unknown; explicitFileType = undefined; includeInIndex = 0; };
		0369173F340E42E5B404B0EB /* AzarMehr-ExtraLight.ttf */ = {isa = PBXFileReference; name = "AzarMehr-ExtraLight.ttf"; path = "../assets/fonts/AzarMehr-ExtraLight.ttf"; sourceTree = "<group>"; fileEncoding = undefined; lastKnownFileType = unknown; explicitFileType = undefined; includeInIndex = 0; };
		BA0D5BC59DEE40B7AB2D7C7B /* AzarMehr-Light.ttf */ = {isa = PBXFileReference; name = "AzarMehr-Light.ttf"; path = "../assets/fonts/AzarMehr-Light.ttf"; sourceTree = "<group>"; fileEncoding = undefined; lastKnownFileType = unknown; explicitFileType = undefined; includeInIndex = 0; };
		201D8EEB5B52442486C345B1 /* AzarMehr-Medium.ttf */ = {isa = PBXFileReference; name = "AzarMehr-Medium.ttf"; path = "../assets/fonts/AzarMehr-Medium.ttf"; sourceTree = "<group>"; fileEncoding = undefined; lastKnownFileType = unknown; explicitFileType = undefined; includeInIndex = 0; };
		CB48B9013C0D4B91833B1B4E /* AzarMehr-Mono-Bold.ttf */ = {isa = PBXFileReference; name = "AzarMehr-Mono-Bold.ttf"; path = "../assets/fonts/AzarMehr-Mono-Bold.ttf"; sourceTree = "<group>"; fileEncoding = undefined; lastKnownFileType = unknown; explicitFileType = undefined; includeInIndex = 0; };
		107AC82F9FB64BD38F23FCE4 /* AzarMehr-Mono-Regular.ttf */ = {isa = PBXFileReference; name = "AzarMehr-Mono-Regular.ttf"; path = "../assets/fonts/AzarMehr-Mono-Regular.ttf"; sourceTree = "<group>"; fileEncoding = undefined; lastKnownFileType = unknown; explicitFileType = undefined; includeInIndex = 0; };
		127DC2898D604C62B0052C5D /* AzarMehr-Regular.ttf */ = {isa = PBXFileReference; name = "AzarMehr-Regular.ttf"; path = "../assets/fonts/AzarMehr-Regular.ttf"; sourceTree = "<group>"; fileEncoding = undefined; lastKnownFileType = unknown; explicitFileType = undefined; includeInIndex = 0; };
		98299615D4574899BCEF44C4 /* AzarMehr-SemiBold.ttf */ = {isa = PBXFileReference; name = "AzarMehr-SemiBold.ttf"; path = "../assets/fonts/AzarMehr-SemiBold.ttf"; sourceTree = "<group>"; fileEncoding = undefined; lastKnownFileType = unknown; explicitFileType = undefined; includeInIndex = 0; };
		18439A6C57CB478890FB2579 /* AzarMehr-Thin.ttf */ = {isa = PBXFileReference; name = "AzarMehr-Thin.ttf"; path = "../assets/fonts/AzarMehr-Thin.ttf"; sourceTree = "<group>"; fileEncoding = undefined; lastKnownFileType = unknown; explicitFileType = undefined; includeInIndex = 0; };
/* End PBXFileReference section */

/* Begin PBXFrameworksBuildPhase section */
		00E356EB1AD99517003FC87E /* Frameworks */ = {
			isa = PBXFrameworksBuildPhase;
			buildActionMask = 2147483647;
			files = (
				7699B88040F8A987B510C191 /* libPods-Boutique-BoutiqueTests.a in Frameworks */,
			);
			runOnlyForDeploymentPostprocessing = 0;
		};
		13B07F8C1A680F5B00A75B9A /* Frameworks */ = {
			isa = PBXFrameworksBuildPhase;
			buildActionMask = 2147483647;
			files = (
				0C80B921A6F3F58F76C31292 /* libPods-Boutique.a in Frameworks */,
			);
			runOnlyForDeploymentPostprocessing = 0;
		};
/* End PBXFrameworksBuildPhase section */

/* Begin PBXGroup section */
		00E356EF1AD99517003FC87E /* BoutiqueTests */ = {
			isa = PBXGroup;
			children = (
				00E356F21AD99517003FC87E /* BoutiqueTests.m */,
				00E356F01AD99517003FC87E /* Supporting Files */,
			);
			path = BoutiqueTests;
			sourceTree = "<group>";
		};
		00E356F01AD99517003FC87E /* Supporting Files */ = {
			isa = PBXGroup;
			children = (
				00E356F11AD99517003FC87E /* Info.plist */,
			);
			name = "Supporting Files";
			sourceTree = "<group>";
		};
		13B07FAE1A68108700A75B9A /* Boutique */ = {
			isa = PBXGroup;
			children = (
				13B07FAF1A68108700A75B9A /* AppDelegate.h */,
				13B07FB01A68108700A75B9A /* AppDelegate.mm */,
				13B07FB51A68108700A75B9A /* Images.xcassets */,
				13B07FB61A68108700A75B9A /* Info.plist */,
				81AB9BB72411601600AC10FF /* LaunchScreen.storyboard */,
				13B07FB71A68108700A75B9A /* main.m */,
			);
			name = Boutique;
			sourceTree = "<group>";
		};
		2D16E6871FA4F8E400B85C8A /* Frameworks */ = {
			isa = PBXGroup;
			children = (
				ED297162215061F000B7C4FE /* JavaScriptCore.framework */,
				5DCACB8F33CDC322A6C60F78 /* libPods-Boutique.a */,
				19F6CBCC0A4E27FBF8BF4A61 /* libPods-Boutique-BoutiqueTests.a */,
			);
			name = Frameworks;
			sourceTree = "<group>";
		};
		832341AE1AAA6A7D00B99B32 /* Libraries */ = {
			isa = PBXGroup;
			children = (
			);
			name = Libraries;
			sourceTree = "<group>";
		};
		83CBB9F61A601CBA00E9B192 = {
			isa = PBXGroup;
			children = (
				13B07FAE1A68108700A75B9A /* Boutique */,
				832341AE1AAA6A7D00B99B32 /* Libraries */,
				00E356EF1AD99517003FC87E /* BoutiqueTests */,
				83CBBA001A601CBA00E9B192 /* Products */,
				2D16E6871FA4F8E400B85C8A /* Frameworks */,
				BBD78D7AC51CEA395F1C20DB /* Pods */,
				C898BE8462C9467FA68381B1 /* Resources */,
			);
			indentWidth = 2;
			sourceTree = "<group>";
			tabWidth = 2;
			usesTabs = 0;
		};
		83CBBA001A601CBA00E9B192 /* Products */ = {
			isa = PBXGroup;
			children = (
				13B07F961A680F5B00A75B9A /* Boutique.app */,
				00E356EE1AD99517003FC87E /* BoutiqueTests.xctest */,
			);
			name = Products;
			sourceTree = "<group>";
		};
		BBD78D7AC51CEA395F1C20DB /* Pods */ = {
			isa = PBXGroup;
			children = (
				3B4392A12AC88292D35C810B /* Pods-Boutique.debug.xcconfig */,
				5709B34CF0A7D63546082F79 /* Pods-Boutique.release.xcconfig */,
				5B7EB9410499542E8C5724F5 /* Pods-Boutique-BoutiqueTests.debug.xcconfig */,
				89C6BE57DB24E9ADA2F236DE /* Pods-Boutique-BoutiqueTests.release.xcconfig */,
			);
			path = Pods;
			sourceTree = "<group>";
		};
		C898BE8462C9467FA68381B1 /* Resources */ = {
			isa = "PBXGroup";
			children = (
				95CB664E0E2A480A8CAABA55 /* AzarMehr-Black.ttf */,
				5492074174654748805C6DE0 /* AzarMehr-Bold.ttf */,
				6938DB993DB04724A8EC3FE6 /* AzarMehr-ExtraBold.ttf */,
				CB7C9851211A43908E28E656 /* AzarMehr-ExtraLight.ttf */,
				0B2884DF9FED4F78BBF04D40 /* AzarMehr-Light.ttf */,
				AA84A95E5082456BACDB36C7 /* AzarMehr-Medium.ttf */,
				D0305543E22F42609582359C /* AzarMehr-Mono-Bold.ttf */,
				C92467C407804B62AAA34EA5 /* AzarMehr-Mono-Regular.ttf */,
				E5B2EC26BB244FB4BCE660BC /* AzarMehr-Regular.ttf */,
				6367EBA0BE634F8FADB9B487 /* AzarMehr-SemiBold.ttf */,
				C4193C6966704230BC469EC3 /* AzarMehr-Thin.ttf */,
				2C59BB29FCE2420CAE667D33 /* AzarMehr-Black.ttf */,
				05E7F840E3FD47059A83E8C8 /* AzarMehr-Bold.ttf */,
				36B949A9BD16422BA5385884 /* AzarMehr-ExtraBold.ttf */,
				46A5403BB4C24975BA143C9A /* AzarMehr-ExtraLight.ttf */,
				60807113A62941F09F0165CF /* AzarMehr-Light.ttf */,
				5261D3003648421BBF5B10D2 /* AzarMehr-Medium.ttf */,
				D7ACE0CAE4AE445AAB864ACD /* AzarMehr-Mono-Bold.ttf */,
				50C1B9DE9CA448C1A3EA5431 /* AzarMehr-Mono-Regular.ttf */,
				652E0DAB573E4D28855027F0 /* AzarMehr-Regular.ttf */,
				3F19FAF1BD8E4D1CA3E6AC05 /* AzarMehr-SemiBold.ttf */,
				D6DD278CD86E45ED8FE1987E /* AzarMehr-Thin.ttf */,
				07AC81C0ED2E4A3994D75C88 /* AzarMehr-Black.ttf */,
				82AC990FDF4D49B280D08E82 /* AzarMehr-Bold.ttf */,
				996842D4B8A9403ABC15E3DD /* AzarMehr-ExtraBold.ttf */,
				518C87737587464A90634500 /* AzarMehr-ExtraLight.ttf */,
				E76DBA16BA0E4CE783EC28B8 /* AzarMehr-Light.ttf */,
				AFACFC211EAC4737BF273214 /* AzarMehr-Medium.ttf */,
				0D1F9A3B7C26494799EF1B52 /* AzarMehr-Mono-Bold.ttf */,
				C7F240D723C44D1FA9BC457A /* AzarMehr-Mono-Regular.ttf */,
				E7A04ED082B24923BF2EFF47 /* AzarMehr-Regular.ttf */,
				A4D7F626A9C44A9AA03F8A44 /* AzarMehr-SemiBold.ttf */,
				06F5CBD4C81F4023AC197855 /* AzarMehr-Thin.ttf */,
				A3C5A30F0F284133AB4C0337 /* AzarMehr-Black.ttf */,
				64EFB564F819479C8AE2F8F8 /* AzarMehr-Bold.ttf */,
				BEF147E7A3EE481A9FC07EB0 /* AzarMehr-ExtraBold.ttf */,
				0369173F340E42E5B404B0EB /* AzarMehr-ExtraLight.ttf */,
				BA0D5BC59DEE40B7AB2D7C7B /* AzarMehr-Light.ttf */,
				201D8EEB5B52442486C345B1 /* AzarMehr-Medium.ttf */,
				CB48B9013C0D4B91833B1B4E /* AzarMehr-Mono-Bold.ttf */,
				107AC82F9FB64BD38F23FCE4 /* AzarMehr-Mono-Regular.ttf */,
				127DC2898D604C62B0052C5D /* AzarMehr-Regular.ttf */,
				98299615D4574899BCEF44C4 /* AzarMehr-SemiBold.ttf */,
				18439A6C57CB478890FB2579 /* AzarMehr-Thin.ttf */,
			);
			name = Resources;
			sourceTree = "<group>";
			path = "";
		};
/* End PBXGroup section */

/* Begin PBXNativeTarget section */
		00E356ED1AD99517003FC87E /* BoutiqueTests */ = {
			isa = PBXNativeTarget;
			buildConfigurationList = 00E357021AD99517003FC87E /* Build configuration list for PBXNativeTarget "BoutiqueTests" */;
			buildPhases = (
				A55EABD7B0C7F3A422A6CC61 /* [CP] Check Pods Manifest.lock */,
				00E356EA1AD99517003FC87E /* Sources */,
				00E356EB1AD99517003FC87E /* Frameworks */,
				00E356EC1AD99517003FC87E /* Resources */,
				C59DA0FBD6956966B86A3779 /* [CP] Embed Pods Frameworks */,
				F6A41C54EA430FDDC6A6ED99 /* [CP] Copy Pods Resources */,
			);
			buildRules = (
			);
			dependencies = (
				00E356F51AD99517003FC87E /* PBXTargetDependency */,
			);
			name = BoutiqueTests;
			productName = BoutiqueTests;
			productReference = 00E356EE1AD99517003FC87E /* BoutiqueTests.xctest */;
			productType = "com.apple.product-type.bundle.unit-test";
		};
		13B07F861A680F5B00A75B9A /* Boutique */ = {
			isa = PBXNativeTarget;
			buildConfigurationList = 13B07F931A680F5B00A75B9A /* Build configuration list for PBXNativeTarget "Boutique" */;
			buildPhases = (
				C38B50BA6285516D6DCD4F65 /* [CP] Check Pods Manifest.lock */,
				FD10A7F022414F080027D42C /* Start Packager */,
				13B07F871A680F5B00A75B9A /* Sources */,
				13B07F8C1A680F5B00A75B9A /* Frameworks */,
				13B07F8E1A680F5B00A75B9A /* Resources */,
				00DD1BFF1BD5951E006B06BC /* Bundle React Native code and images */,
				00EEFC60759A1932668264C0 /* [CP] Embed Pods Frameworks */,
				E235C05ADACE081382539298 /* [CP] Copy Pods Resources */,
			);
			buildRules = (
			);
			dependencies = (
			);
			name = Boutique;
			productName = Boutique;
			productReference = 13B07F961A680F5B00A75B9A /* Boutique.app */;
			productType = "com.apple.product-type.application";
		};
/* End PBXNativeTarget section */

/* Begin PBXProject section */
		83CBB9F71A601CBA00E9B192 /* Project object */ = {
			isa = PBXProject;
			attributes = {
				LastUpgradeCheck = 1210;
				TargetAttributes = {
					00E356ED1AD99517003FC87E = {
						CreatedOnToolsVersion = 6.2;
						TestTargetID = 13B07F861A680F5B00A75B9A;
					};
					13B07F861A680F5B00A75B9A = {
						LastSwiftMigration = 1120;
					};
				};
			};
			buildConfigurationList = 83CBB9FA1A601CBA00E9B192 /* Build configuration list for PBXProject "Boutique" */;
			compatibilityVersion = "Xcode 12.0";
			developmentRegion = en;
			hasScannedForEncodings = 0;
			knownRegions = (
				en,
				Base,
			);
			mainGroup = 83CBB9F61A601CBA00E9B192;
			productRefGroup = 83CBBA001A601CBA00E9B192 /* Products */;
			projectDirPath = "";
			projectRoot = "";
			targets = (
				13B07F861A680F5B00A75B9A /* Boutique */,
				00E356ED1AD99517003FC87E /* BoutiqueTests */,
			);
		};
/* End PBXProject section */

/* Begin PBXResourcesBuildPhase section */
		00E356EC1AD99517003FC87E /* Resources */ = {
			isa = PBXResourcesBuildPhase;
			buildActionMask = 2147483647;
			files = (
			);
			runOnlyForDeploymentPostprocessing = 0;
		};
		13B07F8E1A680F5B00A75B9A /* Resources */ = {
			isa = PBXResourcesBuildPhase;
			buildActionMask = 2147483647;
			files = (
				81AB9BB82411601600AC10FF /* LaunchScreen.storyboard in Resources */,
				13B07FBF1A68108700A75B9A /* Images.xcassets in Resources */,
				3732ACBEA32F43BB8AE478FD /* AzarMehr-Black.ttf in Resources */,
				5054F1EF582247E584079A72 /* AzarMehr-Bold.ttf in Resources */,
				01393FFCFD0145888FF45C19 /* AzarMehr-ExtraBold.ttf in Resources */,
				1FABFC17EFC04B3582202723 /* AzarMehr-ExtraLight.ttf in Resources */,
				9614AE01BC384984AF2AFD78 /* AzarMehr-Light.ttf in Resources */,
				5CB6510F2DF94110BFC7309C /* AzarMehr-Medium.ttf in Resources */,
				D977DDE129DB4FC9B1893F12 /* AzarMehr-Mono-Bold.ttf in Resources */,
				073CF2AF8D264D228CEEBAA0 /* AzarMehr-Mono-Regular.ttf in Resources */,
				C9E0A37186974F83A9B68F5A /* AzarMehr-Regular.ttf in Resources */,
				2FF5027EA9274C948185B3C7 /* AzarMehr-SemiBold.ttf in Resources */,
				6A6AED1968C54DEDB5DB6D8F /* AzarMehr-Thin.ttf in Resources */,
				D54CABAE1A024CBE98DE91C4 /* AzarMehr-Black.ttf in Resources */,
				8909D74AA5F74469B07D6B80 /* AzarMehr-Bold.ttf in Resources */,
				E6D35345AF494A6B87611AE4 /* AzarMehr-ExtraBold.ttf in Resources */,
				3DE17D8755F645D68ACB24FA /* AzarMehr-ExtraLight.ttf in Resources */,
				9206B7818BEA4BB4BA3F53FF /* AzarMehr-Light.ttf in Resources */,
				CFD652582F6B4C2C8DC64F76 /* AzarMehr-Medium.ttf in Resources */,
				8B5FEF52A8C44D4C97CF442A /* AzarMehr-Mono-Bold.ttf in Resources */,
				D054218FE305450C9D5D1DEA /* AzarMehr-Mono-Regular.ttf in Resources */,
				AF039B50E08245BD8362335D /* AzarMehr-Regular.ttf in Resources */,
				16603839F477482595016240 /* AzarMehr-SemiBold.ttf in Resources */,
				95D7028E180E418DB495666F /* AzarMehr-Thin.ttf in Resources */,
				BD0CF17D2AEC43A29B698D32 /* AzarMehr-Black.ttf in Resources */,
				472F3D3E06214EC28E92BC2D /* AzarMehr-Bold.ttf in Resources */,
				5322669335E04AF29243EE82 /* AzarMehr-ExtraBold.ttf in Resources */,
				29F924A0187C4223A899FC64 /* AzarMehr-ExtraLight.ttf in Resources */,
				2B33B781AA9B423E8F04563A /* AzarMehr-Light.ttf in Resources */,
				A166B9D00A47464894F9AE7A /* AzarMehr-Medium.ttf in Resources */,
				98077FE5A65C48D59551C1E9 /* AzarMehr-Mono-Bold.ttf in Resources */,
				E1E12BE8F6444C6292B6675D /* AzarMehr-Mono-Regular.ttf in Resources */,
				2249E93EA05D411FA98598A5 /* AzarMehr-Regular.ttf in Resources */,
				4473656CED3B40AAAA592E48 /* AzarMehr-SemiBold.ttf in Resources */,
				EA8CB38BD08443D1B82FEF3A /* AzarMehr-Thin.ttf in Resources */,
				AFF7317EFBC741BFAEB9114A /* AzarMehr-Black.ttf in Resources */,
				CE400E42A81B42A0A194FB66 /* AzarMehr-Bold.ttf in Resources */,
				21E8FFD523B64DE19B34F316 /* AzarMehr-ExtraBold.ttf in Resources */,
				2ECA657D026E4EF98FD88ABA /* AzarMehr-ExtraLight.ttf in Resources */,
				F76756C046414FD3884765F8 /* AzarMehr-Light.ttf in Resources */,
				12AC14AF2BDB41EF987B05D4 /* AzarMehr-Medium.ttf in Resources */,
				6F0EE8DCC02741BC9A3171A1 /* AzarMehr-Mono-Bold.ttf in Resources */,
				3D70FB760C2846C282C44D8A /* AzarMehr-Mono-Regular.ttf in Resources */,
				DE62297EA2B64B5CBFCE6CD0 /* AzarMehr-Regular.ttf in Resources */,
				A52F84D692B741B5A70B074D /* AzarMehr-SemiBold.ttf in Resources */,
				5FEEA0004D914D6BA4B4C4D9 /* AzarMehr-Thin.ttf in Resources */,
			);
			runOnlyForDeploymentPostprocessing = 0;
		};
/* End PBXResourcesBuildPhase section */

/* Begin PBXShellScriptBuildPhase section */
		00DD1BFF1BD5951E006B06BC /* Bundle React Native code and images */ = {
			isa = PBXShellScriptBuildPhase;
			buildActionMask = 2147483647;
			files = (
			);
			inputPaths = (
				"$(SRCROOT)/.xcode.env.local",
				"$(SRCROOT)/.xcode.env",
			);
			name = "Bundle React Native code and images";
			outputPaths = (
			);
			runOnlyForDeploymentPostprocessing = 0;
			shellPath = /bin/sh;
			shellScript = "set -e\n\nWITH_ENVIRONMENT=\"../node_modules/react-native/scripts/xcode/with-environment.sh\"\nREACT_NATIVE_XCODE=\"../node_modules/react-native/scripts/react-native-xcode.sh\"\n\n/bin/sh -c \"$WITH_ENVIRONMENT $REACT_NATIVE_XCODE\"\n";
		};
		00EEFC60759A1932668264C0 /* [CP] Embed Pods Frameworks */ = {
			isa = PBXShellScriptBuildPhase;
			buildActionMask = 2147483647;
			files = (
			);
			inputFileListPaths = (
				"${PODS_ROOT}/Target Support Files/Pods-Boutique/Pods-Boutique-frameworks-${CONFIGURATION}-input-files.xcfilelist",
			);
			name = "[CP] Embed Pods Frameworks";
			outputFileListPaths = (
				"${PODS_ROOT}/Target Support Files/Pods-Boutique/Pods-Boutique-frameworks-${CONFIGURATION}-output-files.xcfilelist",
			);
			runOnlyForDeploymentPostprocessing = 0;
			shellPath = /bin/sh;
			shellScript = "\"${PODS_ROOT}/Target Support Files/Pods-Boutique/Pods-Boutique-frameworks.sh\"\n";
			showEnvVarsInLog = 0;
		};
		A55EABD7B0C7F3A422A6CC61 /* [CP] Check Pods Manifest.lock */ = {
			isa = PBXShellScriptBuildPhase;
			buildActionMask = 2147483647;
			files = (
			);
			inputFileListPaths = (
			);
			inputPaths = (
				"${PODS_PODFILE_DIR_PATH}/Podfile.lock",
				"${PODS_ROOT}/Manifest.lock",
			);
			name = "[CP] Check Pods Manifest.lock";
			outputFileListPaths = (
			);
			outputPaths = (
				"$(DERIVED_FILE_DIR)/Pods-Boutique-BoutiqueTests-checkManifestLockResult.txt",
			);
			runOnlyForDeploymentPostprocessing = 0;
			shellPath = /bin/sh;
			shellScript = "diff \"${PODS_PODFILE_DIR_PATH}/Podfile.lock\" \"${PODS_ROOT}/Manifest.lock\" > /dev/null\nif [ $? != 0 ] ; then\n    # print error to STDERR\n    echo \"error: The sandbox is not in sync with the Podfile.lock. Run 'pod install' or update your CocoaPods installation.\" >&2\n    exit 1\nfi\n# This output is used by Xcode 'outputs' to avoid re-running this script phase.\necho \"SUCCESS\" > \"${SCRIPT_OUTPUT_FILE_0}\"\n";
			showEnvVarsInLog = 0;
		};
		C38B50BA6285516D6DCD4F65 /* [CP] Check Pods Manifest.lock */ = {
			isa = PBXShellScriptBuildPhase;
			buildActionMask = 2147483647;
			files = (
			);
			inputFileListPaths = (
			);
			inputPaths = (
				"${PODS_PODFILE_DIR_PATH}/Podfile.lock",
				"${PODS_ROOT}/Manifest.lock",
			);
			name = "[CP] Check Pods Manifest.lock";
			outputFileListPaths = (
			);
			outputPaths = (
				"$(DERIVED_FILE_DIR)/Pods-Boutique-checkManifestLockResult.txt",
			);
			runOnlyForDeploymentPostprocessing = 0;
			shellPath = /bin/sh;
			shellScript = "diff \"${PODS_PODFILE_DIR_PATH}/Podfile.lock\" \"${PODS_ROOT}/Manifest.lock\" > /dev/null\nif [ $? != 0 ] ; then\n    # print error to STDERR\n    echo \"error: The sandbox is not in sync with the Podfile.lock. Run 'pod install' or update your CocoaPods installation.\" >&2\n    exit 1\nfi\n# This output is used by Xcode 'outputs' to avoid re-running this script phase.\necho \"SUCCESS\" > \"${SCRIPT_OUTPUT_FILE_0}\"\n";
			showEnvVarsInLog = 0;
		};
		C59DA0FBD6956966B86A3779 /* [CP] Embed Pods Frameworks */ = {
			isa = PBXShellScriptBuildPhase;
			buildActionMask = 2147483647;
			files = (
			);
			inputFileListPaths = (
				"${PODS_ROOT}/Target Support Files/Pods-Boutique-BoutiqueTests/Pods-Boutique-BoutiqueTests-frameworks-${CONFIGURATION}-input-files.xcfilelist",
			);
			name = "[CP] Embed Pods Frameworks";
			outputFileListPaths = (
				"${PODS_ROOT}/Target Support Files/Pods-Boutique-BoutiqueTests/Pods-Boutique-BoutiqueTests-frameworks-${CONFIGURATION}-output-files.xcfilelist",
			);
			runOnlyForDeploymentPostprocessing = 0;
			shellPath = /bin/sh;
			shellScript = "\"${PODS_ROOT}/Target Support Files/Pods-Boutique-BoutiqueTests/Pods-Boutique-BoutiqueTests-frameworks.sh\"\n";
			showEnvVarsInLog = 0;
		};
		E235C05ADACE081382539298 /* [CP] Copy Pods Resources */ = {
			isa = PBXShellScriptBuildPhase;
			buildActionMask = 2147483647;
			files = (
			);
			inputFileListPaths = (
				"${PODS_ROOT}/Target Support Files/Pods-Boutique/Pods-Boutique-resources-${CONFIGURATION}-input-files.xcfilelist",
			);
			name = "[CP] Copy Pods Resources";
			outputFileListPaths = (
				"${PODS_ROOT}/Target Support Files/Pods-Boutique/Pods-Boutique-resources-${CONFIGURATION}-output-files.xcfilelist",
			);
			runOnlyForDeploymentPostprocessing = 0;
			shellPath = /bin/sh;
			shellScript = "\"${PODS_ROOT}/Target Support Files/Pods-Boutique/Pods-Boutique-resources.sh\"\n";
			showEnvVarsInLog = 0;
		};
		F6A41C54EA430FDDC6A6ED99 /* [CP] Copy Pods Resources */ = {
			isa = PBXShellScriptBuildPhase;
			buildActionMask = 2147483647;
			files = (
			);
			inputFileListPaths = (
				"${PODS_ROOT}/Target Support Files/Pods-Boutique-BoutiqueTests/Pods-Boutique-BoutiqueTests-resources-${CONFIGURATION}-input-files.xcfilelist",
			);
			name = "[CP] Copy Pods Resources";
			outputFileListPaths = (
				"${PODS_ROOT}/Target Support Files/Pods-Boutique-BoutiqueTests/Pods-Boutique-BoutiqueTests-resources-${CONFIGURATION}-output-files.xcfilelist",
			);
			runOnlyForDeploymentPostprocessing = 0;
			shellPath = /bin/sh;
			shellScript = "\"${PODS_ROOT}/Target Support Files/Pods-Boutique-BoutiqueTests/Pods-Boutique-BoutiqueTests-resources.sh\"\n";
			showEnvVarsInLog = 0;
		};
		FD10A7F022414F080027D42C /* Start Packager */ = {
			isa = PBXShellScriptBuildPhase;
			buildActionMask = 2147483647;
			files = (
			);
			inputFileListPaths = (
			);
			inputPaths = (
			);
			name = "Start Packager";
			outputFileListPaths = (
			);
			outputPaths = (
			);
			runOnlyForDeploymentPostprocessing = 0;
			shellPath = /bin/sh;
			shellScript = "export RCT_METRO_PORT=\"${RCT_METRO_PORT:=8081}\"\necho \"export RCT_METRO_PORT=${RCT_METRO_PORT}\" > \"${SRCROOT}/../node_modules/react-native/scripts/.packager.env\"\nif [ -z \"${RCT_NO_LAUNCH_PACKAGER+xxx}\" ] ; then\n  if nc -w 5 -z localhost ${RCT_METRO_PORT} ; then\n    if ! curl -s \"http://localhost:${RCT_METRO_PORT}/status\" | grep -q \"packager-status:running\" ; then\n      echo \"Port ${RCT_METRO_PORT} already in use, packager is either not running or not running correctly\"\n      exit 2\n    fi\n  else\n    open \"$SRCROOT/../node_modules/react-native/scripts/launchPackager.command\" || echo \"Can't start packager automatically\"\n  fi\nfi\n";
			showEnvVarsInLog = 0;
		};
/* End PBXShellScriptBuildPhase section */

/* Begin PBXSourcesBuildPhase section */
		00E356EA1AD99517003FC87E /* Sources */ = {
			isa = PBXSourcesBuildPhase;
			buildActionMask = 2147483647;
			files = (
				00E356F31AD99517003FC87E /* BoutiqueTests.m in Sources */,
			);
			runOnlyForDeploymentPostprocessing = 0;
		};
		13B07F871A680F5B00A75B9A /* Sources */ = {
			isa = PBXSourcesBuildPhase;
			buildActionMask = 2147483647;
			files = (
				13B07FBC1A68108700A75B9A /* AppDelegate.mm in Sources */,
				13B07FC11A68108700A75B9A /* main.m in Sources */,
			);
			runOnlyForDeploymentPostprocessing = 0;
		};
/* End PBXSourcesBuildPhase section */

/* Begin PBXTargetDependency section */
		00E356F51AD99517003FC87E /* PBXTargetDependency */ = {
			isa = PBXTargetDependency;
			target = 13B07F861A680F5B00A75B9A /* Boutique */;
			targetProxy = 00E356F41AD99517003FC87E /* PBXContainerItemProxy */;
		};
/* End PBXTargetDependency section */

/* Begin XCBuildConfiguration section */
		00E356F61AD99517003FC87E /* Debug */ = {
			isa = XCBuildConfiguration;
			baseConfigurationReference = 5B7EB9410499542E8C5724F5 /* Pods-Boutique-BoutiqueTests.debug.xcconfig */;
			buildSettings = {
				BUNDLE_LOADER = "$(TEST_HOST)";
				GCC_PREPROCESSOR_DEFINITIONS = (
					"DEBUG=1",
					"$(inherited)",
				);
				INFOPLIST_FILE = BoutiqueTests/Info.plist;
				IPHONEOS_DEPLOYMENT_TARGET = 12.4;
				LD_RUNPATH_SEARCH_PATHS = (
					"$(inherited)",
					"@executable_path/Frameworks",
					"@loader_path/Frameworks",
				);
				OTHER_LDFLAGS = (
					"-ObjC",
					"-lc++",
					"$(inherited)",
				);
				PRODUCT_BUNDLE_IDENTIFIER = "org.reactjs.native.example.$(PRODUCT_NAME:rfc1034identifier)";
				PRODUCT_NAME = "$(TARGET_NAME)";
				TEST_HOST = "$(BUILT_PRODUCTS_DIR)/Boutique.app/Boutique";
			};
			name = Debug;
		};
		00E356F71AD99517003FC87E /* Release */ = {
			isa = XCBuildConfiguration;
			baseConfigurationReference = 89C6BE57DB24E9ADA2F236DE /* Pods-Boutique-BoutiqueTests.release.xcconfig */;
			buildSettings = {
				BUNDLE_LOADER = "$(TEST_HOST)";
				COPY_PHASE_STRIP = NO;
				INFOPLIST_FILE = BoutiqueTests/Info.plist;
				IPHONEOS_DEPLOYMENT_TARGET = 12.4;
				LD_RUNPATH_SEARCH_PATHS = (
					"$(inherited)",
					"@executable_path/Frameworks",
					"@loader_path/Frameworks",
				);
				OTHER_LDFLAGS = (
					"-ObjC",
					"-lc++",
					"$(inherited)",
				);
				PRODUCT_BUNDLE_IDENTIFIER = "org.reactjs.native.example.$(PRODUCT_NAME:rfc1034identifier)";
				PRODUCT_NAME = "$(TARGET_NAME)";
				TEST_HOST = "$(BUILT_PRODUCTS_DIR)/Boutique.app/Boutique";
			};
			name = Release;
		};
		13B07F941A680F5B00A75B9A /* Debug */ = {
			isa = XCBuildConfiguration;
			baseConfigurationReference = 3B4392A12AC88292D35C810B /* Pods-Boutique.debug.xcconfig */;
			buildSettings = {
				ASSETCATALOG_COMPILER_APPICON_NAME = AppIcon;
				CLANG_ENABLE_MODULES = YES;
				CURRENT_PROJECT_VERSION = 1;
				ENABLE_BITCODE = NO;
				INFOPLIST_FILE = Boutique/Info.plist;
				LD_RUNPATH_SEARCH_PATHS = (
					"$(inherited)",
					"@executable_path/Frameworks",
				);
				MARKETING_VERSION = 1.0;
				OTHER_LDFLAGS = (
					"$(inherited)",
					"-ObjC",
					"-lc++",
				);
				PRODUCT_BUNDLE_IDENTIFIER = "org.reactjs.native.example.$(PRODUCT_NAME:rfc1034identifier)";
				PRODUCT_NAME = Boutique;
				SWIFT_OPTIMIZATION_LEVEL = "-Onone";
				SWIFT_VERSION = 5.0;
				VERSIONING_SYSTEM = "apple-generic";
			};
			name = Debug;
		};
		13B07F951A680F5B00A75B9A /* Release */ = {
			isa = XCBuildConfiguration;
			baseConfigurationReference = 5709B34CF0A7D63546082F79 /* Pods-Boutique.release.xcconfig */;
			buildSettings = {
				ASSETCATALOG_COMPILER_APPICON_NAME = AppIcon;
				CLANG_ENABLE_MODULES = YES;
				CURRENT_PROJECT_VERSION = 1;
				INFOPLIST_FILE = Boutique/Info.plist;
				LD_RUNPATH_SEARCH_PATHS = (
					"$(inherited)",
					"@executable_path/Frameworks",
				);
				MARKETING_VERSION = 1.0;
				OTHER_LDFLAGS = (
					"$(inherited)",
					"-ObjC",
					"-lc++",
				);
				PRODUCT_BUNDLE_IDENTIFIER = "org.reactjs.native.example.$(PRODUCT_NAME:rfc1034identifier)";
				PRODUCT_NAME = Boutique;
				SWIFT_VERSION = 5.0;
				VERSIONING_SYSTEM = "apple-generic";
			};
			name = Release;
		};
		83CBBA201A601CBA00E9B192 /* Debug */ = {
			isa = XCBuildConfiguration;
			buildSettings = {
				ALWAYS_SEARCH_USER_PATHS = NO;
				CLANG_ANALYZER_LOCALIZABILITY_NONLOCALIZED = YES;
				CLANG_CXX_LANGUAGE_STANDARD = "c++17";
				CLANG_CXX_LIBRARY = "libc++";
				CLANG_ENABLE_MODULES = YES;
				CLANG_ENABLE_OBJC_ARC = YES;
				CLANG_WARN_BLOCK_CAPTURE_AUTORELEASING = YES;
				CLANG_WARN_BOOL_CONVERSION = YES;
				CLANG_WARN_COMMA = YES;
				CLANG_WARN_CONSTANT_CONVERSION = YES;
				CLANG_WARN_DEPRECATED_OBJC_IMPLEMENTATIONS = YES;
				CLANG_WARN_DIRECT_OBJC_ISA_USAGE = YES_ERROR;
				CLANG_WARN_EMPTY_BODY = YES;
				CLANG_WARN_ENUM_CONVERSION = YES;
				CLANG_WARN_INFINITE_RECURSION = YES;
				CLANG_WARN_INT_CONVERSION = YES;
				CLANG_WARN_NON_LITERAL_NULL_CONVERSION = YES;
				CLANG_WARN_OBJC_IMPLICIT_RETAIN_SELF = YES;
				CLANG_WARN_OBJC_LITERAL_CONVERSION = YES;
				CLANG_WARN_OBJC_ROOT_CLASS = YES_ERROR;
				CLANG_WARN_QUOTED_INCLUDE_IN_FRAMEWORK_HEADER = YES;
				CLANG_WARN_RANGE_LOOP_ANALYSIS = YES;
				CLANG_WARN_STRICT_PROTOTYPES = YES;
				CLANG_WARN_SUSPICIOUS_MOVE = YES;
				CLANG_WARN_UNREACHABLE_CODE = YES;
				CLANG_WARN__DUPLICATE_METHOD_MATCH = YES;
				"CODE_SIGN_IDENTITY[sdk=iphoneos*]" = "iPhone Developer";
				COPY_PHASE_STRIP = NO;
				ENABLE_STRICT_OBJC_MSGSEND = YES;
				ENABLE_TESTABILITY = YES;
				"EXCLUDED_ARCHS[sdk=iphonesimulator*]" = "";
				GCC_C_LANGUAGE_STANDARD = gnu99;
				GCC_DYNAMIC_NO_PIC = NO;
				GCC_NO_COMMON_BLOCKS = YES;
				GCC_OPTIMIZATION_LEVEL = 0;
				GCC_PREPROCESSOR_DEFINITIONS = (
					"DEBUG=1",
					"$(inherited)",
				);
				GCC_SYMBOLS_PRIVATE_EXTERN = NO;
				GCC_WARN_64_TO_32_BIT_CONVERSION = YES;
				GCC_WARN_ABOUT_RETURN_TYPE = YES_ERROR;
				GCC_WARN_UNDECLARED_SELECTOR = YES;
				GCC_WARN_UNINITIALIZED_AUTOS = YES_AGGRESSIVE;
				GCC_WARN_UNUSED_FUNCTION = YES;
				GCC_WARN_UNUSED_VARIABLE = YES;
				IPHONEOS_DEPLOYMENT_TARGET = 12.4;
				LD_RUNPATH_SEARCH_PATHS = (
					/usr/lib/swift,
					"$(inherited)",
				);
				LIBRARY_SEARCH_PATHS = (
					"\"$(SDKROOT)/usr/lib/swift\"",
					"\"$(TOOLCHAIN_DIR)/usr/lib/swift/$(PLATFORM_NAME)\"",
					"\"$(inherited)\"",
				);
				MTL_ENABLE_DEBUG_INFO = YES;
				ONLY_ACTIVE_ARCH = YES;
				OTHER_CPLUSPLUSFLAGS = (
					"$(OTHER_CFLAGS)",
					"-DFOLLY_NO_CONFIG",
					"-DFOLLY_MOBILE=1",
					"-DFOLLY_USE_LIBCPP=1",
				);
				SDKROOT = iphoneos;
			};
			name = Debug;
		};
		83CBBA211A601CBA00E9B192 /* Release */ = {
			isa = XCBuildConfiguration;
			buildSettings = {
				ALWAYS_SEARCH_USER_PATHS = NO;
				CLANG_ANALYZER_LOCALIZABILITY_NONLOCALIZED = YES;
				CLANG_CXX_LANGUAGE_STANDARD = "c++17";
				CLANG_CXX_LIBRARY = "libc++";
				CLANG_ENABLE_MODULES = YES;
				CLANG_ENABLE_OBJC_ARC = YES;
				CLANG_WARN_BLOCK_CAPTURE_AUTORELEASING = YES;
				CLANG_WARN_BOOL_CONVERSION = YES;
				CLANG_WARN_COMMA = YES;
				CLANG_WARN_CONSTANT_CONVERSION = YES;
				CLANG_WARN_DEPRECATED_OBJC_IMPLEMENTATIONS = YES;
				CLANG_WARN_DIRECT_OBJC_ISA_USAGE = YES_ERROR;
				CLANG_WARN_EMPTY_BODY = YES;
				CLANG_WARN_ENUM_CONVERSION = YES;
				CLANG_WARN_INFINITE_RECURSION = YES;
				CLANG_WARN_INT_CONVERSION = YES;
				CLANG_WARN_NON_LITERAL_NULL_CONVERSION = YES;
				CLANG_WARN_OBJC_IMPLICIT_RETAIN_SELF = YES;
				CLANG_WARN_OBJC_LITERAL_CONVERSION = YES;
				CLANG_WARN_OBJC_ROOT_CLASS = YES_ERROR;
				CLANG_WARN_QUOTED_INCLUDE_IN_FRAMEWORK_HEADER = YES;
				CLANG_WARN_RANGE_LOOP_ANALYSIS = YES;
				CLANG_WARN_STRICT_PROTOTYPES = YES;
				CLANG_WARN_SUSPICIOUS_MOVE = YES;
				CLANG_WARN_UNREACHABLE_CODE = YES;
				CLANG_WARN__DUPLICATE_METHOD_MATCH = YES;
				"CODE_SIGN_IDENTITY[sdk=iphoneos*]" = "iPhone Developer";
				COPY_PHASE_STRIP = YES;
				ENABLE_NS_ASSERTIONS = NO;
				ENABLE_STRICT_OBJC_MSGSEND = YES;
				"EXCLUDED_ARCHS[sdk=iphonesimulator*]" = "";
				GCC_C_LANGUAGE_STANDARD = gnu99;
				GCC_NO_COMMON_BLOCKS = YES;
				GCC_WARN_64_TO_32_BIT_CONVERSION = YES;
				GCC_WARN_ABOUT_RETURN_TYPE = YES_ERROR;
				GCC_WARN_UNDECLARED_SELECTOR = YES;
				GCC_WARN_UNINITIALIZED_AUTOS = YES_AGGRESSIVE;
				GCC_WARN_UNUSED_FUNCTION = YES;
				GCC_WARN_UNUSED_VARIABLE = YES;
				IPHONEOS_DEPLOYMENT_TARGET = 12.4;
				LD_RUNPATH_SEARCH_PATHS = (
					/usr/lib/swift,
					"$(inherited)",
				);
				LIBRARY_SEARCH_PATHS = (
					"\"$(SDKROOT)/usr/lib/swift\"",
					"\"$(TOOLCHAIN_DIR)/usr/lib/swift/$(PLATFORM_NAME)\"",
					"\"$(inherited)\"",
				);
				MTL_ENABLE_DEBUG_INFO = NO;
				OTHER_CPLUSPLUSFLAGS = (
					"$(OTHER_CFLAGS)",
					"-DFOLLY_NO_CONFIG",
					"-DFOLLY_MOBILE=1",
					"-DFOLLY_USE_LIBCPP=1",
				);
				SDKROOT = iphoneos;
				VALIDATE_PRODUCT = YES;
			};
			name = Release;
		};
/* End XCBuildConfiguration section */

/* Begin XCConfigurationList section */
		00E357021AD99517003FC87E /* Build configuration list for PBXNativeTarget "BoutiqueTests" */ = {
			isa = XCConfigurationList;
			buildConfigurations = (
				00E356F61AD99517003FC87E /* Debug */,
				00E356F71AD99517003FC87E /* Release */,
			);
			defaultConfigurationIsVisible = 0;
			defaultConfigurationName = Release;
		};
		13B07F931A680F5B00A75B9A /* Build configuration list for PBXNativeTarget "Boutique" */ = {
			isa = XCConfigurationList;
			buildConfigurations = (
				13B07F941A680F5B00A75B9A /* Debug */,
				13B07F951A680F5B00A75B9A /* Release */,
			);
			defaultConfigurationIsVisible = 0;
			defaultConfigurationName = Release;
		};
		83CBB9FA1A601CBA00E9B192 /* Build configuration list for PBXProject "Boutique" */ = {
			isa = XCConfigurationList;
			buildConfigurations = (
				83CBBA201A601CBA00E9B192 /* Debug */,
				83CBBA211A601CBA00E9B192 /* Release */,
			);
			defaultConfigurationIsVisible = 0;
			defaultConfigurationName = Release;
		};
/* End XCConfigurationList section */
	};
	rootObject = 83CBB9F71A601CBA00E9B192 /* Project object */;
}
